%{"cowboy": {:package, "1.0.0"},
  "cowlib": {:package, "1.0.0"},
  "decimal": {:package, "0.2.5"},
  "ecto": {:package, "0.2.5"},
  "hound": {:git, "git://github.com/HashNuke/hound.git", "f832a2125fd4dfd5ec149535fa2264bf9e649c29", []},
  "ibrowse": {:git, "git://github.com/cmullaparthi/ibrowse.git", "d2e369ff42666c3574b8b7ec26f69027895c4d94", [tag: "v4.1.1"]},
  "jsex": {:package, "2.0.0"},
  "jsx": {:package, "2.1.1"},
  "linguist": {:package, "0.1.2"},
  "phoenix": {:package, "0.4.1"},
  "plug": {:package, "0.7.0"},
  "poison": {:package, "1.1.1"},
  "poolboy": {:package, "1.2.1"},
  "postgrex": {:package, "0.6.0"},
  "ranch": {:package, "1.0.0"}}
